PODS:
  - Alamofire (3.3.1)
  - AlamofireObjectMapper (3.0.0):
    - Alamofire (~> 3.2)
    - ObjectMapper (~> 1.0)
  - Charts (2.2.4):
    - Charts/Core (= 2.2.4)
  - Charts/Core (2.2.4)
  - EZAlertController (0.3)
  - EZSwiftExtensions (1.4)
  - Font-Awesome-Swift (1.4.7)
  - Gecco (0.2.0)
  - Google-Material-Design-Icons-Swift (1.0.1)
  - Hue (1.1)
  - ObjectMapper (1.2.0)
  - PhoneNumberKit (0.8.3)
  - RandomKit (1.6.0)
  - RichEditorView (3.2.0)
  - Scale (0.1.0)
  - STRegex (0.3.1)
  - SwiftOverlays (2.0.1)
  - SwiftQRCode (2.0.2)
  - SwiftString (0.5)
  - SwiftValidator (3.0.3)

DEPENDENCIES:
  - Alamofire (~> 3.3)
  - AlamofireObjectMapper (~> 3.0)
  - Charts
  - EZAlertController (= 0.3)
  - EZSwiftExtensions
  - Font-Awesome-Swift (~> 1.4.7)
  - Gecco
  - Google-Material-Design-Icons-Swift (~> 1.0.1)
  - Hue
  - PhoneNumberKit (~> 0.8)
  - RandomKit (~> 1.6.0)
  - RichEditorView
  - Scale
  - STRegex (~> 0.3.0)
  - SwiftOverlays (~> 2.0.0)
  - SwiftQRCode
  - SwiftString
  - SwiftValidator (= 3.0.3)

SPEC CHECKSUMS:
  Alamofire: 369bc67b6f5ac33ded3648d7bd21c5bfb91c2ecc
  AlamofireObjectMapper: 2d16585d06177be0116d76de73497e77437798af
  Charts: a9e735c83c6d376ade20f6612dcf0ba217394a49
  EZAlertController: 178808422e5281c3ffb20c28cb3eb555088bf07e
  EZSwiftExtensions: db7be0022fce8e92cdfe0fadddaf835fcd9696db
  Font-Awesome-Swift: 0131fd0f683ac024ce9abf1fdbc9fb482150ce49
  Gecco: 27ab0f43da3f8e844771cf641992afdd1ea09c62
  Google-Material-Design-Icons-Swift: ff587db57d713061f66b8457229d1af2cae84c56
  Hue: ed6781be844b58b2a38150cfd4bf24c33449faf8
  ObjectMapper: b1e9c7c8a9f6400b72690c80072c131504caa66f
  PhoneNumberKit: ff0be2a7078dda5ef7f3f1264d5e946124304880
  RandomKit: 9b33ce5fc448056e8ddaaef655da315b26f23e32
  RichEditorView: b4ee60a4f5301cbe8f3fcb1f065cdd7de74ddd10
  Scale: 4be55bcccde50a97ada700d17b50943b2503f79c
  STRegex: 4c27ffabad2c8b603f050d28e6c794eb72a13608
  SwiftOverlays: 317afbb3eeb7f9d8545b1e6592500c89aadb6d8f
  SwiftQRCode: 68e920781686e376d70646b90c8ad87fd6523309
  SwiftString: ec9c31c55b2aa147a1154f5f5f8483dc71e3165f
  SwiftValidator: 0b6a48bf10364411b0d64c97f78665ff87ca9f8b

PODFILE CHECKSUM: 28f40f824476b46ed6738073745c63f6d9586e3b

COCOAPODS: 1.0.0.rc.2
